
Microsoft Visual Studio Solution File, Format Version 12.00
# Visual Studio Version 17
VisualStudioVersion = 17.3.32825.248
MinimumVisualStudioVersion = 10.0.40219.1
Project("{9A19103F-16F7-4668-BE54-9A1E7A4F7556}") = "CafeBoston.UI", "CafeBoston.UI\CafeBoston.UI.csproj", "{B6843240-BC3B-467E-8C35-8468C65CFB0A}"
EndProject
Project("{9A19103F-16F7-4668-BE54-9A1E7A4F7556}") = "CafeBoston.DATA", "CafeBoston.DATA\CafeBoston.DATA.csproj", "{864F7BCD-7318-409B-8128-DD2DC12501ED}"
EndProject
Project("{2150E333-8FDC-42A3-9474-1A3956D46DE8}") = "Solution Items", "Solution Items", "{DCCF62A3-3C61-4915-8729-408C603A10EB}"
	ProjectSection(SolutionItems) = preProject
		README.md = README.md
	EndProjectSection
EndProject
Global
	GlobalSection(SolutionConfigurationPlatforms) = preSolution
		Debug|Any CPU = Debug|Any CPU
		Release|Any CPU = Release|Any CPU
	EndGlobalSection
	GlobalSection(ProjectConfigurationPlatforms) = postSolution
		{B6843240-BC3B-467E-8C35-8468C65CFB0A}.Debug|Any CPU.ActiveCfg = Debug|Any CPU
		{B6843240-BC3B-467E-8C35-8468C65CFB0A}.Debug|Any CPU.Build.0 = Debug|Any CPU
		{B6843240-BC3B-467E-8C35-8468C65CFB0A}.Release|Any CPU.ActiveCfg = Release|Any CPU
		{B6843240-BC3B-467E-8C35-8468C65CFB0A}.Release|Any CPU.Build.0 = Release|Any CPU
		{864F7BCD-7318-409B-8128-DD2DC12501ED}.Debug|Any CPU.ActiveCfg = Debug|Any CPU
		{864F7BCD-7318-409B-8128-DD2DC12501ED}.Debug|Any CPU.Build.0 = Debug|Any CPU
		{864F7BCD-7318-409B-8128-DD2DC12501ED}.Release|Any CPU.ActiveCfg = Release|Any CPU
		{864F7BCD-7318-409B-8128-DD2DC12501ED}.Release|Any CPU.Build.0 = Release|Any CPU
	EndGlobalSection
	GlobalSection(SolutionProperties) = preSolution
		HideSolutionNode = FALSE
	EndGlobalSection
	GlobalSection(ExtensibilityGlobals) = postSolution
		SolutionGuid = {424F0CE7-9E5D-408A-93AE-7A8BF99BD6BD}
	EndGlobalSection
EndGlobal
